cloud.google.com/go v0.23.0/go.mod h1:aQUYkXzVsufM+DwF1aE+0xfcU+56JwCaLick0ClmMTw=
cloud.google.com/go v0.32.0 h1:DSt59WoyNcfAInilEpfvm2ugq8zvNyaHAm9MkzOwRQ4=
cloud.google.com/go v0.32.0/go.mod h1:aQUYkXzVsufM+DwF1aE+0xfcU+56JwCaLick0ClmMTw=
contrib.go.opencensus.io/exporter/stackdriver v0.7.0 h1:pmo1ol3uPcrLmvOET8bEbu5sialRZDDSHqJso0vo28o=
contrib.go.opencensus.io/exporter/stackdriver v0.7.0/go.mod h1:hNe5qQofPbg6bLQY5wHCvQ7o+2E5P8PkegEuQ+MyRw0=
git.apache.org/thrift.git v0.0.0-20180902110319-2566ecd5d999/go.mod h1:fPE2ZNJGynbRyZ4dJvy6G277gSllfV2HJqblrnkyeyg=
github.com/Invoiced/invoiced-go v0.0.0-20161117221459-8f71bc9cc9c1 h1:i88JVCQx4Pm4YGtOEo4cKoe8m8bSCvD3g4eYJS4gko8=
github.com/Invoiced/invoiced-go v0.0.0-20161117221459-8f71bc9cc9c1/go.mod h1:IeLmr6+KbXJAqy18M007uTsRyA1qJ/BnYL7tpWF3Urw=
github.com/alcortesm/tgz v0.0.0-20161220082320-9c5fe88206d7/go.mod h1:6zEj6s6u/ghQa61ZWa/C2Aw3RkjiTBOix7dkqa1VLIs=
github.com/alecthomas/units v0.0.0-20151022065526-2efee857e7cf h1:qet1QNfXsQxTZqLG4oE62mJzwPIB8+Tee4RNCL9ulrY=
github.com/alecthomas/units v0.0.0-20151022065526-2efee857e7cf/go.mod h1:ybxpYRFXyAe+OPACYpWeL0wqObRcbAqCMya13uyzqw0=
github.com/anmitsu/go-shlex v0.0.0-20161002113705-648efa622239/go.mod h1:2FmKhYUyUczH0OGQWaF5ceTx0UBShxjsH6f8oGKYe2c=
github.com/araddon/gou v0.0.0-20180803232539-d7d8174cb8b3 h1:tEiwJLYc/eD3XjTmG4owPBDsXvkTgi3iXOCI3FlHuBU=
github.com/araddon/gou v0.0.0-20180803232539-d7d8174cb8b3/go.mod h1:ikc1XA58M+Rx7SEbf0bLJCfBkwayZ8T5jBo5FXK8Uz8=
github.com/asaskevich/govalidator v0.0.0-20180720115003-f9ffefc3facf h1:eg0MeVzsP1G42dRafH3vf+al2vQIJU0YHX+1Tw87oco=
github.com/asaskevich/govalidator v0.0.0-20180720115003-f9ffefc3facf/go.mod h1:lB+ZfQJz7igIIfQNfa7Ml4HSf2uFQQRzpGGRXenZAgY=
github.com/aws/aws-sdk-go v1.15.31/go.mod h1:mFuSZ37Z9YOHbQEwBWztmVzqXrEkub65tZoCYDt7FT0=
github.com/aws/aws-sdk-go v1.15.70 h1:hlRX+jjTgzNLvH0PIt1s74vz8tZNbw+StlUz+OGFtd0=
github.com/aws/aws-sdk-go v1.15.70/go.mod h1:E3/ieXAlvM0XWO57iftYVDLLvQ824smPP3ATZkfNZeM=
github.com/beevik/etree v1.0.1 h1:lWzdj5v/Pj1X360EV7bUudox5SRipy4qZLjY0rhb0ck=
github.com/beevik/etree v1.0.1/go.mod h1:r8Aw8JqVegEf0w2fDnATrX9VpkMcyFeM0FhwO62wh+A=
github.com/beorn7/perks v0.0.0-20180321164747-3a771d992973/go.mod h1:Dwedo/Wpr24TaqPxmxbtue+5NUziq4I4S80YR8gNf3Q=
github.com/bitly/go-hostpool v0.0.0-20171023180738-a3a6125de932 h1:mXoPYz/Ul5HYEDvkta6I8/rnYM5gSdSV2tJ6XbZuEtY=
github.com/bitly/go-hostpool v0.0.0-20171023180738-a3a6125de932/go.mod h1:NOuUCSz6Q9T7+igc/hlvDOUdtWKryOrtFyIVABv/p7k=
github.com/blang/semver v3.5.1+incompatible h1:cQNTCjp13qL8KC3Nbxr/y2Bqb63oX6wdnnjpJbkM4JQ=
github.com/blang/semver v3.5.1+incompatible/go.mod h1:kRBLl5iJ+tD4TcOOxsy/0fnwebNt5EWlYSAyrTnjyyk=
github.com/bmizerany/assert v0.0.0-20160611221934-b7ed37b82869/go.mod h1:Ekp36dRnpXw/yCqJaO+ZrUyxD+3VXMFFr56k5XYrpB4=
github.com/bmizerany/pat v0.0.0-20170815010413-6226ea591a40/go.mod h1:8rLXio+WjiTceGBHIoTvn60HIbs7Hm7bcHjyrSqYB9c=
github.com/boombuler/barcode v1.0.0 h1:s1TvRnXwL2xJRaccrdcBQMZxq6X7DvsMogtmJeHDdrc=
github.com/boombuler/barcode v1.0.0/go.mod h1:paBWMcWSl3LHKBqUq+rly7CNSldXjb2rDl3JlRe0mD8=
github.com/buger/jsonparser v0.0.0-20181023193515-52c6e1462ebd h1:5T+u+bQ8I1bOgzmu96rHImT0VjPsj3q33dR3j2AqmXU=
github.com/buger/jsonparser v0.0.0-20181023193515-52c6e1462ebd/go.mod h1:bbYlZJ7hK1yFx9hf58LP0zeX7UjIGs20ufpu3evjr+s=
github.com/cenkalti/backoff v2.0.0+incompatible h1:5IIPUHhlnUZbcHQsQou5k1Tn58nJkeJL9U+ig5CHJbY=
github.com/cenkalti/backoff v2.0.0+incompatible/go.mod h1:90ReRw6GdpyfrHakVjL/QHaoyV4aDUVVkXQJJJ3NXXM=
github.com/cloudfoundry/gosigar v1.1.0 h1:V/dVCzhKOdIU3WRB5inQU20s4yIgL9Dxx/Mhi0SF8eM=
github.com/cloudfoundry/gosigar v1.1.0/go.mod h1:3qLfc2GlfmwOx2+ZDaRGH3Y9fwQ0sQeaAleo2GV5pH0=
github.com/corpix/uarand v0.0.0-20170903190822-2b8494104d86 h1:kRNlij/Yv/baHnXYdNqr+8ch5tLYAWS/VRaJ2ZvFgu0=
github.com/corpix/uarand v0.0.0-20170903190822-2b8494104d86/go.mod h1:JSm890tOkDN+M1jqN8pUGDKnzJrsVbJwSMHBY4zwz7M=
github.com/davecgh/go-spew v1.1.1 h1:vj9j/u1bqnvCEfJOwUhtlOARqs3+rkHYY13jYWTU97c=
github.com/davecgh/go-spew v1.1.1/go.mod h1:J7Y8YcW2NihsgmVo/mv3lAwl/skON4iLHjSsI+c5H38=
github.com/deckarep/golang-set v1.7.1 h1:SCQV0S6gTtp6itiFrTqI+pfmJ4LN85S1YzhDf9rTHJQ=
github.com/deckarep/golang-set v1.7.1/go.mod h1:93vsz/8Wt4joVM7c2AVqh+YRMiUSc14yDtF28KmMOgQ=
github.com/dgrijalva/jwt-go v3.2.0+incompatible h1:7qlOGliEKZXTDg6OTjfoBKDXWrumCAMpl/TFQ4/5kLM=
github.com/dgrijalva/jwt-go v3.2.0+incompatible/go.mod h1:E3ru+11k8xSBh+hMPgOLZmtrrCbhqsmaPHjLKYnJCaQ=
github.com/drewolson/testflight v1.0.0 h1:jgA0pHcFIPnXoBmyFzrdoR2ka4UvReMDsjYc7Jcvl80=
github.com/drewolson/testflight v1.0.0/go.mod h1:t9oKuuEohRGLb80SWX+uxJHuhX98B7HnojqtW+Ryq30=
github.com/dustin/go-jsonpointer v0.0.0-20160814072949-ba0abeacc3dc h1:tP7tkU+vIsEOKiK+l/NSLN4uUtkyuxc6hgYpQeCWAeI=
github.com/dustin/go-jsonpointer v0.0.0-20160814072949-ba0abeacc3dc/go.mod h1:ORH5Qp2bskd9NzSfKqAF7tKfONsEkCarTE5ESr/RVBw=
github.com/dustin/gojson v0.0.0-20160307161227-2e71ec9dd5ad h1:Qk76DOWdOp+GlyDKBAG3Klr9cn7N+LcYc82AZ2S7+cA=
github.com/dustin/gojson v0.0.0-20160307161227-2e71ec9dd5ad/go.mod h1:mPKfmRa823oBIgl2r20LeMSpTAteW5j7FLkc0vjmzyQ=
github.com/emirpasic/gods v1.9.0 h1:rUF4PuzEjMChMiNsVjdI+SyLu7rEqpQ5reNFnhC7oFo=
github.com/emirpasic/gods v1.9.0/go.mod h1:YfzfFFoVP/catgzJb4IKIqXjX78Ha8FMSDh3ymbK86o=
github.com/facebookgo/clock v0.0.0-20150410010913-600d898af40a h1:yDWHCSQ40h88yih2JAcL6Ls/kVkSE8GFACTGVnMPruw=
github.com/facebookgo/clock v0.0.0-20150410010913-600d898af40a/go.mod h1:7Ga40egUymuWXxAe151lTNnCv97MddSOVsjpPPkityA=
github.com/facebookgo/httpcontrol v0.0.0-20150708234001-ccde4420e1fe h1:lROXMXiVykPnYQwN/ZqlUlnzq/hTqZ6PiI+IZ7dOVbA=
github.com/facebookgo/httpcontrol v0.0.0-20150708234001-ccde4420e1fe/go.mod h1:RHhThlTAK1q74hnQuU/XB53XxTRDYxfAfHvDQ3JU9ys=
github.com/facebookgo/limitgroup v0.0.0-20150612190941-6abd8d71ec01 h1:IeaD1VDVBPlx3viJT9Md8if8IxxJnO+x0JCGb054heg=
github.com/facebookgo/limitgroup v0.0.0-20150612190941-6abd8d71ec01/go.mod h1:ypD5nozFk9vcGw1ATYefw6jHe/jZP++Z15/+VTMcWhc=
github.com/facebookgo/muster v0.0.0-20150708232844-fd3d7953fd52 h1:a4DFiKFJiDRGFD1qIcqGLX/WlUMD9dyLSLDt+9QZgt8=
github.com/facebookgo/muster v0.0.0-20150708232844-fd3d7953fd52/go.mod h1:yIquW87NGRw1FU5p5lEkpnt/QxoH5uPAOUlOVkAUuMg=
github.com/fatih/structs v1.1.0 h1:Q7juDM0QtcnhCpeyLGQKyg4TOIghuNXrkL32pHAUMxo=
github.com/fatih/structs v1.1.0/go.mod h1:9NiDSp5zOcgEDl+j00MP/WkGVPOlPRLejGD8Ga6PJ7M=
github.com/felixge/httpsnoop v1.0.0 h1:gh8fMGz0rlOv/1WmRZm7OgncIOTsAj21iNJot48omJQ=
github.com/felixge/httpsnoop v1.0.0/go.mod h1:3+D9sFq0ahK/JeJPhCBUV1xlf4/eIYrUQaxulT0VzX8=
github.com/flynn/go-shlex v0.0.0-20150515145356-3f9db97f8568/go.mod h1:xEzjJPgXI435gkrCt3MPfRiAkVrwSbHsst4LCFVfpJc=
github.com/fsnotify/fsnotify v1.4.7/go.mod h1:jwhsz4b93w/PPRr/qN1Yymfu8t87LnFCMoQvtojpjFo=
github.com/garyburd/redigo v2.0.0+incompatible h1:Gb5TnQbf/SfRTYd07ZgodtGEDhNOviGCxoyZnyBDuNU=
github.com/garyburd/redigo v2.0.0+incompatible/go.mod h1:NR3MbYisc3/PwhQ00EMzDiPmrwpPxAn5GI05/YaO1SY=
github.com/ghodss/yaml v1.0.0/go.mod h1:4dBDuWmgqj2HViK6kFavaiC9ZROes6MMH2rRYeMEF04=
github.com/gliderlabs/ssh v0.1.1/go.mod h1:U7qILu1NlMHj9FlMhZLlkCdDnU1DBEAqr0aevW3Awn0=
github.com/go-errors/errors v1.0.1 h1:LUHzmkK3GUKUrL/1gfBUxAHzcev3apQlezX/+O7ma6w=
github.com/go-errors/errors v1.0.1/go.mod h1:f4zRHt4oKfwPJE5k8C9vpYG+aDHdBFUsgrm6/TyX73Q=
github.com/go-ini/ini v1.25.4/go.mod h1:ByCAeIL28uOIIG0E3PJtZPDL8WnHpFKFOtgjp+3Ies8=
github.com/golang/glog v0.0.0-20160126235308-23def4e6c14b/go.mod h1:SBH7ygxi8pfUlaOkMMuAQtPIUF8ecWP5IEl/CR7VP2Q=
github.com/golang/groupcache v0.0.0-20181024230925-c65c006176ff h1:kOkM9whyQYodu09SJ6W3NCsHG7crFaJILQ22Gozp3lg=
github.com/golang/groupcache v0.0.0-20181024230925-c65c006176ff/go.mod h1:cIg4eruTrX1D+g88fzRXU5OdNfaM+9IcxsU14FzY7Hc=
github.com/golang/protobuf v1.1.0/go.mod h1:6lQm79b+lXiMfvg/cZm0SGofjICqVBUtrP5yJMmIC1U=
github.com/golang/protobuf v1.2.0 h1:P3YflyNX/ehuJFLhxviNdFxQPkGK5cDcApsge1SqnvM=
github.com/golang/protobuf v1.2.0/go.mod h1:6lQm79b+lXiMfvg/cZm0SGofjICqVBUtrP5yJMmIC1U=
github.com/gomodule/redigo v2.0.0+incompatible h1:K/R+8tc58AaqLkqG2Ol3Qk+DR/TlNuhuh457pBFPtt0=
github.com/gomodule/redigo v2.0.0+incompatible/go.mod h1:B4C85qUVwatsJoIUNIfCRsp7qO0iAmpGFZ4EELWSbC4=
github.com/google/go-cmp v0.2.0/go.mod h1:oXzfMopK8JAjlY9xF4vHSVASa0yLyX7SntLO5aqRK0M=
github.com/google/uuid v1.0.0 h1:b4Gk+7WdP/d3HZH8EJsZpvV7EtDOgaZLtnaNGIu1adA=
github.com/google/uuid v1.0.0/go.mod h1:TIyPZe4MgqvfeYDBFedMoGGpEw/LqOeaOT+nhxU+yHo=
github.com/googleapis/gax-go v2.0.0+incompatible h1:j0GKcs05QVmm7yesiZq2+9cxHkNK9YM6zKx4D2qucQU=
github.com/googleapis/gax-go v2.0.0+incompatible/go.mod h1:SFVmujtThgffbyetf+mdk2eWhX2bMyUtNHzFKcPA9HY=
github.com/gorilla/context v1.1.1/go.mod h1:kBGZzfjB9CEq2AlWe17Uuf7NDRt0dE0s8S51q0aT7Yg=
github.com/gorilla/csrf v1.5.1 h1:UASc2+EB0T51tvl6/2ls2ciA8/qC7KdTO7DsOEKbttQ=
github.com/gorilla/csrf v1.5.1/go.mod h1:HTDW7xFOO1aHddQUmghe9/2zTvg7AYCnRCs7MxTGu/0=
github.com/gorilla/handlers v1.4.0 h1:XulKRWSQK5uChr4pEgSE4Tc/OcmnU9GJuSwdog/tZsA=
github.com/gorilla/handlers v1.4.0/go.mod h1:Qkdc/uu4tH4g6mTK6auzZ766c4CA0Ng8+o/OAirnOIQ=
github.com/gorilla/mux v1.6.2 h1:Pgr17XVTNXAk3q/r4CpKzC5xBM/qW1uVLV+IhRZpIIk=
github.com/gorilla/mux v1.6.2/go.mod h1:1lud6UwP+6orDFRuTfBEV8e9/aOM/c4fVVCaMa2zaAs=
github.com/gorilla/securecookie v1.1.1 h1:miw7JPhV+b/lAHSXz4qd/nN9jRiAFV5FwjeKyCS8BvQ=
github.com/gorilla/securecookie v1.1.1/go.mod h1:ra0sb63/xPlUeL+yeDciTfxMRAA+MP+HVt/4epWDjd4=
github.com/gregjones/httpcache v0.0.0-20180305231024-9cad4c3443a7 h1:pdN6V1QBWetyv/0+wjACpqVH+eVULgEjkurDLq3goeM=
github.com/gregjones/httpcache v0.0.0-20180305231024-9cad4c3443a7/go.mod h1:FecbI9+v66THATjSRHfNgh1IVFe/9kFxbXtjV0ctIMA=
github.com/grpc-ecosystem/grpc-gateway v1.5.0/go.mod h1:RSKVYQBd5MCa4OVpNdGskqpgL2+G+NZTnrVHpWWfpdw=
github.com/hako/durafmt v0.0.0-20180520121703-7b7ae1e72ead h1:Y9WOGZY2nw5ksbEf5AIpk+vK52Tdg/VN/rHFRfEeeGQ=
github.com/hako/durafmt v0.0.0-20180520121703-7b7ae1e72ead/go.mod h1:5Scbynm8dF1XAPwIwkGPqzkM/shndPm79Jd1003hTjE=
github.com/hashicorp/golang-lru v0.5.0 h1:CL2msUPvZTLb5O648aiLNJw3hnBxN2+1Jq8rCOH9wdo=
github.com/hashicorp/golang-lru v0.5.0/go.mod h1:/m3WP610KZHVQ1SGc6re/UDhFvYD7pJ4Ao+sR/qLZy8=
github.com/honeycombio/beeline-go v0.2.3 h1:IzCZ7p6ogYYOqesgNFY0P+5RBKpOJgYCoQbYOwbMwjU=
github.com/honeycombio/beeline-go v0.2.3/go.mod h1:xZNfHCpYQFjVS4Xuc8eMKhBclLnW/PvBz5L1Dwcp81Y=
github.com/honeycombio/libhoney-go v1.8.1 h1:ZNa8QacttKO/628Nm4Bb0H6ur7i9dy7z/BUuA36VJKk=
github.com/honeycombio/libhoney-go v1.8.1/go.mod h1:jdLxh51fcBTy6XIpx1efuJmHePs2xUfVkw25lr+hsmg=
github.com/icrowley/fake v0.0.0-20180203215853-4178557ae428 h1:Mo9W14pwbO9VfRe+ygqZ8dFbPpoIK1HFrG/zjTuQ+nc=
github.com/icrowley/fake v0.0.0-20180203215853-4178557ae428/go.mod h1:uhpZMVGznybq1itEKXj6RYw9I71qK4kH+OGMjRC4KEo=
github.com/imdario/mergo v0.3.6 h1:xTNEAn+kxVO7dTZGu0CegyqKZmoWFI0rF8UxjlB2d28=
github.com/imdario/mergo v0.3.6/go.mod h1:2EnlNZ0deacrJVfApfmtdGgDfMuh/nq6Ok1EcJh5FfA=
github.com/jackc/pgx v3.2.0+incompatible h1:0Vihzu20St42/UDsvZGdNE6jak7oi/UOeMzwMPHkgFY=
github.com/jackc/pgx v3.2.0+incompatible/go.mod h1:0ZGrqGqkRlliWnWB4zKnWtjbSWbGkVEFm4TeybAXq+I=
github.com/jbenet/go-context v0.0.0-20150711004518-d14ea06fba99 h1:BQSFePA1RWJOlocH6Fxy8MmwDt+yVQYULKfN0RoTN8A=
github.com/jbenet/go-context v0.0.0-20150711004518-d14ea06fba99/go.mod h1:1lJo3i6rXxKeerYnT8Nvf0QmHCRC1n8sfWVwXF2Frvo=
github.com/jessevdk/go-flags v1.4.0/go.mod h1:4FA24M0QyGHXBuZZK/XkWh8h0e1EYbRYJSGM75WSRxI=
github.com/jmespath/go-jmespath v0.0.0-20160202185014-0b12d6b521d8 h1:12VvqtR6Aowv3l/EQUlocDHW2Cp4G9WJVH7uyH8QFJE=
github.com/jmespath/go-jmespath v0.0.0-20160202185014-0b12d6b521d8/go.mod h1:Nht3zPeWKUH0NzdCt2Blrr5ys8VGpn0CEB0cQHVjt7k=
github.com/jmhodges/opposite_of_a_bloom_filter v0.0.0-20180816005933-98e0396ff375 h1:tWQgFCvqgTvOlpuFHXexe+C1+Jv5bM+Q70NjSVA1SL8=
github.com/jmhodges/opposite_of_a_bloom_filter v0.0.0-20180816005933-98e0396ff375/go.mod h1:EvpfYmY3LTec5qhqUN70k+kz+y9d3txDEywRnPEqwys=
github.com/jonboulle/clockwork v0.1.0 h1:VKV+ZcuP6l3yW9doeqz6ziZGgcynBVQO+obU0+0hcPo=
github.com/jonboulle/clockwork v0.1.0/go.mod h1:Ii8DK3G1RaLaWxj9trq07+26W01tbo22gdxWY5EU2bo=
github.com/json-iterator/go v1.1.5 h1:gL2yXlmiIo4+t+y32d4WGwOjKGYcGOuyrg46vadswDE=
github.com/json-iterator/go v1.1.5/go.mod h1:+SdeFBvtyEkXs7REEP0seUULqWtbJapLOCVDaaPEHmU=
github.com/justinas/alice v0.0.0-20171023064455-03f45bd4b7da h1:5y58+OCjoHCYB8182mpf/dEsq0vwTKPOo4zGfH0xW9A=
github.com/justinas/alice v0.0.0-20171023064455-03f45bd4b7da/go.mod h1:oLH0CmIaxCGXD67VKGR5AacGXZSMznlmeqM8RzPrcY8=
github.com/karlseguin/ccache v2.0.2+incompatible h1:MpSlLlHgG3vPWTAIJsSYlyAQsHwfQ2HzgUlbJFh9Ufk=
github.com/karlseguin/ccache v2.0.2+incompatible/go.mod h1:CM9tNPzT6EdRh14+jiW8mEF9mkNZuuE51qmgGYUB93w=
github.com/kevinburke/ssh_config v0.0.0-20180830205328-81db2a75821e h1:RgQk53JHp/Cjunrr1WlsXSZpqXn+uREuHvUVcK82CV8=
github.com/kevinburke/ssh_config v0.0.0-20180830205328-81db2a75821e/go.mod h1:CT57kijsi8u/K/BOFA39wgDQJ9CxiF4nAY/ojJ6r6mM=
github.com/konsorten/go-windows-terminal-sequences v1.0.1/go.mod h1:T0+1ngSBFLxvqU3pZ+m/2kptfBszLMUkC4ZK/EgS/cQ=
github.com/kr/pretty v0.0.0-20160823170715-cfb55aafdaf3/go.mod h1:Bvhd+E3laJ0AVkG0c9rmtZcnhV0HQ3+c3YxxqTvc/gA=
github.com/kr/pretty v0.1.0/go.mod h1:dAy3ld7l9f0ibDNOQOHHMYYIIbhfbHSm3C4ZsoJORNo=
github.com/kr/pty v1.1.1/go.mod h1:pFQYn66WHrOpPYNljwOMqo10TkYh1fy3cYio2l3bCsQ=
github.com/kr/text v0.0.0-20160504234017-7cafcd837844/go.mod h1:sjUstKUATFIcff4qlB53Kml0wQPtJVc/3fWrmuUmcfA=
github.com/kr/text v0.1.0/go.mod h1:4Jbv+DJW3UT/LiOwJeYQe1efqtUx/iVham/4vfdArNI=
github.com/kylelemons/godebug v0.0.0-20170820004349-d65d576e9348 h1:MtvEpTB6LX3vkb4ax0b5D2DHbNAUsen0Gx5wZoq3lV4=
github.com/kylelemons/godebug v0.0.0-20170820004349-d65d576e9348/go.mod h1:B69LEHPfb2qLo0BaaOLcbitczOKLWTsrBG9LczfCD4k=
github.com/launchdarkly/api-client-go v0.0.0-20181031211650-fe4f1d017b6e h1:2eC2AmAlp3zTI82CUFnBglc5l7IaN0UXjgHIR/TKtVs=
github.com/launchdarkly/api-client-go v0.0.0-20181031211650-fe4f1d017b6e/go.mod h1:INGa7NUZYSwVozwPV7l6ikgD7pzSOpZvg9I5sqCZIWs=
github.com/launchdarkly/elastigo v0.0.0-20180702173530-3d617c6fddbf h1:2/DG+cuXxQN9xIVOEKAGt+xHn0JWjKp+kXm/e2s+QQc=
github.com/launchdarkly/elastigo v0.0.0-20180702173530-3d617c6fddbf/go.mod h1:xMZc2ADsR7dvpBoPdnw6V9f6AYmQM1B8rXQ992X3w2c=
github.com/launchdarkly/event-recorder v0.0.0-20181106184238-7cdd45d87029 h1:3X27hdXEtBlIPI2nkR2E9VpvT5EiFNuLrfPpXaVnMFc=
github.com/launchdarkly/event-recorder v0.0.0-20181106184238-7cdd45d87029/go.mod h1:kXrSr9T6GYx8MzLGm2HvdthJQo5pferPlGIPzmRZR8c=
github.com/launchdarkly/eventlib v0.0.0-20181005215902-590ce038436f h1:dJkFbql3hRFoGDKr/c2MpPN/ButE0H6KrwwbI9clng8=
github.com/launchdarkly/eventlib v0.0.0-20181005215902-590ce038436f/go.mod h1:5ZywLqO21AL91DbIPUhX2s272ViCSkAiCNwon4DBzag=
github.com/launchdarkly/eventsource v0.0.0-20181003171144-b52bd572a58e h1:z4x8VXFIHFs0dWKjRsPS1rsx5j2LkLdaNE1yD0S0xo8=
github.com/launchdarkly/eventsource v0.0.0-20181003171144-b52bd572a58e/go.mod h1:y6+/PY1Az/AQyjCMsFt5mOZq1tfM0/KOQRS4f0pVe3M=
github.com/launchdarkly/foundation v0.0.0-20181106003926-520557ecad0b h1:8KcfgLRPMKqTTrUQATc34fXc/G+MHE8B7uU/u70g5qY=
github.com/launchdarkly/foundation v0.0.0-20181106003926-520557ecad0b/go.mod h1:0FXgBa+oGd+AgcumiMoKfRndyYYAaXuLY9rUGqS+90U=
github.com/launchdarkly/gcfg v0.0.0-20160218190638-83c3f001aeeb h1:a+uuDT3nURKt4laWk3PF7gxUuQfZ3XNE51AiOKjj5GA=
github.com/launchdarkly/gcfg v0.0.0-20160218190638-83c3f001aeeb/go.mod h1:Y0RjGJ9V/bMra5xAA/Z0bkwdkwi/41b+/Krem9nIYs8=
github.com/launchdarkly/go-client v0.0.0-20181030215621-c4a865740717 h1:9GVMBZkp9/Rv+upFbLwA3ELyLoSC4+9IcDh8OQ9VlDg=
github.com/launchdarkly/go-client v0.0.0-20181030215621-c4a865740717/go.mod h1:pubPlXRdBN6+ukMTlEUj3vX96ayWBa2AsSaajpVZ1lo=
github.com/launchdarkly/go-client-file-update-processor v0.0.0-20181019221001-77a0ebc8a101 h1:lt9PGV0EClvKhafxS/zP57hS6VX/hCTYu4n+03NCQzY=
github.com/launchdarkly/go-client-file-update-processor v0.0.0-20181019221001-77a0ebc8a101/go.mod h1:SDYRwCRGBGtGtsP5NBRwATATwyf2ydD5NQ/vDGvbBIk=
github.com/launchdarkly/go-client-private v0.0.0-20181030215624-1905dcf989fe h1:hcCG9nEhgRG6vf2POKuNT6oKhzslCA29d+Vl0THhYIQ=
github.com/launchdarkly/go-client-private v0.0.0-20181030215624-1905dcf989fe/go.mod h1:ej8wE4FQVv+Wdy3cvJ/RaBP51Tscy3rFn3ecAuS0f94=
github.com/launchdarkly/go-glob v0.0.0-20140617171557-0067a9abd927 h1:H+6E2LE8yYrUq3WotPWQfzxSZpwB8UcHQk8pxKLmaF4=
github.com/launchdarkly/go-glob v0.0.0-20140617171557-0067a9abd927/go.mod h1:1kK0gAwBSdNuoovmrcEOrd5BXEkwdNJlEmcVanEZBq4=
github.com/launchdarkly/go-metrics v0.0.0-20170809183827-eaf6f21d2060 h1:S/qavp0PHiQ7QjHx+GdmcA6PY5iKsa2WwsbIfvDksTQ=
github.com/launchdarkly/go-metrics v0.0.0-20170809183827-eaf6f21d2060/go.mod h1:ZZXnioN4gKhTuYDRKTRw2mNi7AfySNzy88mWY/9SYgU=
github.com/launchdarkly/go-metrics-graphite v0.0.0-20170809183932-b1c4bd2044ca h1:uG3nbOkqIsekbB5ihAz/wiYnGboMZ1+3SuVmbmW5IYs=
github.com/launchdarkly/go-metrics-graphite v0.0.0-20170809183932-b1c4bd2044ca/go.mod h1:0RY7w3pIwgS+oN0zhYWBSstgIEz6e9GlZ3G8M5UCaP4=
github.com/launchdarkly/gocron v0.0.0-20180625232251-964915f43307 h1:5cyYRHm8ifbfd1xZwspUG8cfDAj1/Cu2yTsQPO2W8yA=
github.com/launchdarkly/gocron v0.0.0-20180625232251-964915f43307/go.mod h1:xj0pjZxcwS4vwM+ILHTzFQ0WfHojk6ruIEyuiIwr/Vk=
github.com/launchdarkly/gonfalon v0.0.0-20181106210821-91c3d11e301b h1:6dxwDgQL9fOD9d3qYzegRnHpfVWNgXXOQ084VCLNkgU=
github.com/launchdarkly/gonfalon v0.0.0-20181106210821-91c3d11e301b/go.mod h1:T28zVAx6O3IYkP6od4XE+rOgyBGCGojO+Q1gqn6C0t0=
github.com/launchdarkly/j2n v0.0.0-20131025101421-bec2189df203 h1:7KYUSsuWM19gWezLoImb/pOXsMPl5TJ+7s2NPvahNc8=
github.com/launchdarkly/j2n v0.0.0-20131025101421-bec2189df203/go.mod h1:1nBgVlmeubUAyifUQ4ZuyXkQvNX+0U6hBfk6HbdlHcI=
github.com/launchdarkly/json-patch v0.0.0-20180720210516-dd68d883319f h1:jfiPiz2hE/7mHv2NOS4cm07sSJCsKlbxmR7pzPhhvpU=
github.com/launchdarkly/json-patch v0.0.0-20180720210516-dd68d883319f/go.mod h1:CHbYdMs8UjvNnS2fatlQvi4UYnBTRYGxRHc/0kQupSQ=
github.com/launchdarkly/keylock v0.0.0-20170707002612-0cb7c64065f9 h1:1ncFVuG4Nd1UYhRxTdS6Zwl+SI49wZd/ed/SetiTL6g=
github.com/launchdarkly/keylock v0.0.0-20170707002612-0cb7c64065f9/go.mod h1:iRHH5KALdoo42K5RIemb2kLqdhGAQe0lMA+Giv2NGno=
github.com/launchdarkly/optimizely-client v0.0.0-20160322190025-18b27e1ea23e h1:3+sRiuaMwpujJjZ7VQFKDC1/uOixC7gH6549uTTbkSo=
github.com/launchdarkly/optimizely-client v0.0.0-20160322190025-18b27e1ea23e/go.mod h1:seRHt8QSvIS/4s+yeZrxyjugz/ixeT574KIMXZD52ig=
github.com/launchdarkly/optimizely-importer v0.0.0-20151218005143-fa9f38a98db9 h1:L1dzLHbJOVmITGDdh+LZJZUsXi1DQUxmlJFNV1+351Q=
github.com/launchdarkly/optimizely-importer v0.0.0-20151218005143-fa9f38a98db9/go.mod h1:xp6fx9oTrU5B2rXuNOcSo0bHkVBzePS8sfQAuj5ejTQ=
github.com/launchdarkly/pubnub-go v3.7.1+incompatible h1:OnixIp6ASdpQc12xKuxJ//GaFScx/szqJ0/9DJh6KtU=
github.com/launchdarkly/pubnub-go v3.7.1+incompatible/go.mod h1:M8JFRxPwqYcDYDwDrjzpB27lME7HAyQfZQE3pTpkdg0=
github.com/launchdarkly/tunny v0.0.0-20160614123851-18dedac4b587 h1:THa7843G9DIt+nEY5cMaKfncauAmE0JFmVam/Lq3LVs=
github.com/launchdarkly/tunny v0.0.0-20160614123851-18dedac4b587/go.mod h1:5ZLpmY3O7fsJraTlf+VPuBgZrCS23+kDh5M6UT0lOuM=
github.com/launchdarkly/userlib v0.0.0-20181031205157-2cb88550a0fc h1:8s35o6tk12Kiqqc+6fnb9yDY8N9Ff4yZ19kmDT8TuUA=
github.com/launchdarkly/userlib v0.0.0-20181031205157-2cb88550a0fc/go.mod h1:lPiqqmU74jfE+oIa9iMQOviUSMqZZDqSyZDglTcAgpY=
github.com/launchdarkly/wpa v0.0.0-20180917164012-2f5c7a008276 h1:3JbA7DYb8zobBB5CknMroHxY16Q3ktWW585jr+MFEDY=
github.com/launchdarkly/wpa v0.0.0-20180917164012-2f5c7a008276/go.mod h1:gClP0uDiemnDgSghG5NqieOJmnyr4/YZI4AODCixnkA=
github.com/looplab/tarjan v0.0.0-20161115091335-9cc6d6cebfb5 h1:vftH1+M/WLO9G/fKoaNF2lXss91zJWSqtWNZcbDi+6A=
github.com/looplab/tarjan v0.0.0-20161115091335-9cc6d6cebfb5/go.mod h1:UdhGtNhHaLG+AAsRpyd4g+zJTgciwo+qwK6FJAoCQFU=
github.com/mailru/easyjson v0.0.0-20180823135443-60711f1a8329 h1:2gxZ0XQIU/5z3Z3bUBu+FXuk2pFbkN6tcwi/pjyaDic=
github.com/mailru/easyjson v0.0.0-20180823135443-60711f1a8329/go.mod h1:C1wdFJiN94OJF2b5HbByQZoLdCWB1Yqtg26g4irojpc=
github.com/manucorporat/sse v0.0.0-20160126180136-ee05b128a739 h1:ykXz+pRRTibcSjG1yRhpdSHInF8yZY/mfn+Rz2Nd1rE=
github.com/manucorporat/sse v0.0.0-20160126180136-ee05b128a739/go.mod h1:zUx1mhth20V3VKgL5jbd1BSQcW4Fy6Qs4PZvQwRFwzM=
github.com/matttproud/golang_protobuf_extensions v1.0.1/go.mod h1:D8He9yQNgCq6Z5Ld7szi9bcBfOoFv/3dc6xSMkL2PC0=
github.com/mitchellh/go-homedir v1.0.0 h1:vKb8ShqSby24Yrqr/yDYkuFz8d0WUjys40rvnGC8aR0=
github.com/mitchellh/go-homedir v1.0.0/go.mod h1:SfyaCUpYCn1Vlf4IUYiD9fPX4A5wJrkLzIz1N1q0pr0=
github.com/modern-go/concurrent v0.0.0-20180306012644-bacd9c7ef1dd h1:TRLaZ9cD/w8PVh93nsPXa1VrQ6jlwL5oN8l14QlcNfg=
github.com/modern-go/concurrent v0.0.0-20180306012644-bacd9c7ef1dd/go.mod h1:6dJC0mAP4ikYIbvyc7fijjWJddQyLn8Ig3JB5CqoB9Q=
github.com/modern-go/reflect2 v1.0.1 h1:9f412s+6RmYXLWZSEzVVgPGK7C2PphHj5RJrvfx9AWI=
github.com/modern-go/reflect2 v1.0.1/go.mod h1:bx2lNnkwVCuqBIxFjflWJWanXIb3RllmbCylyMrvgv0=
github.com/mohae/deepcopy v0.0.0-20170929034955-c48cc78d4826 h1:RWengNIwukTxcDr9M+97sNutRR1RKhG96O6jWumTTnw=
github.com/mohae/deepcopy v0.0.0-20170929034955-c48cc78d4826/go.mod h1:TaXosZuwdSHYgviHp1DAtfrULt5eUgsSMsZf+YrPgl8=
github.com/moul/http2curl v0.0.0-20170919181001-9ac6cf4d929b h1:Pip12xNtMvEFUBF4f8/b5yRXj94LLrNdLWELfOr2KcY=
github.com/moul/http2curl v0.0.0-20170919181001-9ac6cf4d929b/go.mod h1:8UbvGypXm98wA/IqH45anm5Y2Z6ep6O31QGOAZ3H0fQ=
github.com/nats-io/go-nats v1.6.0 h1:FznPwMfrVwGnSCh7JTXyJDRW0TIkD4Tr+M1LPJt9T70=
github.com/nats-io/go-nats v1.6.0/go.mod h1:+t7RHT5ApZebkrQdnn6AhQJmhJJiKAvJUio1PiiCtj0=
github.com/nats-io/nuid v1.0.0 h1:44QGdhbiANq8ZCbUkdn6W5bqtg+mHuDE4wOUuxxndFs=
github.com/nats-io/nuid v1.0.0/go.mod h1:19wcPz3Ph3q0Jbyiqsd0kePYG7A95tJPxeL+1OSON2c=
github.com/newrelic/go-agent v2.1.0+incompatible h1:fCuxXeM4eeIKPbzffOWW6y2Dj+eYfc3yylgNZACZqkM=
github.com/newrelic/go-agent v2.1.0+incompatible/go.mod h1:a8Fv1b/fYhFSReoTU6HDkTYIMZeSVNffmoS726Y0LzQ=
github.com/opentracing/opentracing-go v1.0.2 h1:3jA2P6O1F9UOrWVpwrIo17pu01KWvNWg4X946/Y5Zwg=
github.com/opentracing/opentracing-go v1.0.2/go.mod h1:UkNAQd3GIcIGf0SeVgPpRdFStlNbqXla1AfSYxPUl2o=
github.com/openzipkin/zipkin-go v0.1.1/go.mod h1:NtoC/o8u3JlF1lSlyPNswIbeQH9bJTmOf0Erfk+hxe8=
github.com/patrickmn/go-cache v2.1.0+incompatible h1:HRMgzkcYKYpi3C8ajMPV8OFXaaRUnok+kx1WdO15EQc=
github.com/patrickmn/go-cache v2.1.0+incompatible/go.mod h1:3Qf8kWWT7OJRJbdiICTKqZju1ZixQ/KpMGzzAfe6+WQ=
github.com/pborman/uuid v1.2.0 h1:J7Q5mO4ysT1dv8hyrUGHb9+ooztCXu1D8MY8DZYsu3g=
github.com/pborman/uuid v1.2.0/go.mod h1:X/NO0urCmaxf9VXbdlT7C2Yzkj2IKimNn4k+gtPdI/k=
github.com/pelletier/go-buffruneio v0.2.0 h1:U4t4R6YkofJ5xHm3dJzuRpPZ0mr5MMCoAWooScCR7aA=
github.com/pelletier/go-buffruneio v0.2.0/go.mod h1:JkE26KsDizTr40EUHkXVtNPvgGtbSNq5BcowyYOWdKo=
github.com/pkg/errors v0.8.0 h1:WdK/asTD0HN+q6hsWO3/vpuAkAr+tw6aNJNDFFf0+qw=
github.com/pkg/errors v0.8.0/go.mod h1:bwawxfHBFNV+L2hUp1rHADufV3IMtnDRdf1r5NINEl0=
github.com/pmezard/go-difflib v1.0.0 h1:4DBwDE0NGyQoBHbLQYPwSUPoCMWR5BEzIk/f1lZbAQM=
github.com/pmezard/go-difflib v1.0.0/go.mod h1:iKH77koFhYxTK1pcRnkKkqfTogsbg7gZNVY4sRDYZ/4=
github.com/pquerna/otp v1.0.0 h1:TBZrpfnzVbgmpYhiYBK+bJ4Ig0+ye+GGNMe2pTrvxCo=
github.com/pquerna/otp v1.0.0/go.mod h1:Zad1CMQfSQZI5KLpahDiSUX4tMMREnXw98IvL1nhgMk=
github.com/prataprc/goparsec v0.0.0-20180806094145-2600a2a4a410 h1:BZjOxwDguSqFR+Uk9DSlT1SZ9jsDsNVdgoDmEuAhIew=
github.com/prataprc/goparsec v0.0.0-20180806094145-2600a2a4a410/go.mod h1:YbpxZqbf10o5u96/iDpcfDQmbIOTX/iNCH/yBByTfaM=
github.com/prometheus/client_golang v0.8.0/go.mod h1:7SWBe2y4D6OKWSNQJUaRYU/AaXPKyh/dDVn+NZz0KFw=
github.com/prometheus/client_model v0.0.0-20180712105110-5c3871d89910/go.mod h1:MbSGuTsp3dbXC40dX6PRTWyKYBIrTGTE9sqQNg2J8bo=
github.com/prometheus/common v0.0.0-20180801064454-c7de2306084e/go.mod h1:daVV7qP5qjZbuso7PdcryaAu0sAZbrN9i7WWcTMWvro=
github.com/prometheus/procfs v0.0.0-20180725123919-05ee40e3a273/go.mod h1:c3At6R/oaqEKCNdg8wHV1ftS6bRYblBhIjjI8uT2IGk=
github.com/rollbar/rollbar-go v1.0.2 h1:uA3+z0jq6ka9WUUt9VX/xuiQZXZyWRoeKvkhVvLO9Jc=
github.com/rollbar/rollbar-go v1.0.2/go.mod h1:AcFs5f0I+c71bpHlXNNDbOWJiKwjFDtISeXco0L5PKQ=
github.com/russellhaering/gosaml2 v0.3.1 h1:vfw9Kt7cdXsCImYmLBnMO/JxFVTa+x/Eoj7Jx+Th4vw=
github.com/russellhaering/gosaml2 v0.3.1/go.mod h1:niieRtQaw+opTVp9jzZo1nAAoksI2eNpd+weDcjZ+Mk=
github.com/russellhaering/goxmldsig v0.0.0-20180430223755-7acd5e4a6ef7 h1:J4AOUcOh/t1XbQcJfkEqhzgvMJ2tDxdCVvmHxW5QXao=
github.com/russellhaering/goxmldsig v0.0.0-20180430223755-7acd5e4a6ef7/go.mod h1:Oz4y6ImuOQZxynhbSXk7btjEfNBtGlj2dcaOvXl2FSM=
github.com/satori/go.uuid v1.2.0 h1:0uYX9dsZ2yD7q2RtLRtPSdGDWzjeM3TbMJP9utgA0ww=
github.com/satori/go.uuid v1.2.0/go.mod h1:dA0hQrYB0VpLJoorglMZABFdXlWrHn1NEOzdhQKdks0=
github.com/segmentio/backo-go v0.0.0-20160424052352-204274ad699c h1:rsRTAcCR5CeNLkvgBVSjQoDGRRt6kggsE6XYBqCv2KQ=
github.com/segmentio/backo-go v0.0.0-20160424052352-204274ad699c/go.mod h1:kJ9mm9YmoWSkk+oQ+5Cj8DEoRCX2JT6As4kEtIIOp1M=
github.com/sergi/go-diff v1.0.0 h1:Kpca3qRNrduNnOQeazBd0ysaKrUJiIuISHxogkT9RPQ=
github.com/sergi/go-diff v1.0.0/go.mod h1:0CfEIISq7TuYL3j771MWULgwwjU+GofnZX9QAmXWZgo=
github.com/sirupsen/logrus v1.2.0 h1:juTguoYk5qI21pwyTXY3B3Y5cOTH3ZUyZCg1v/mihuo=
github.com/sirupsen/logrus v1.2.0/go.mod h1:LxeOpSwHxABJmUn/MG1IvRgCAasNZTLOkJPxbbu5VWo=
github.com/src-d/gcfg v1.3.0 h1:2BEDr8r0I0b8h/fOqwtxCEiq2HJu8n2JGZJQFGXWLjg=
github.com/src-d/gcfg v1.3.0/go.mod h1:p/UMsR43ujA89BJY9duynAwIpvqEujIH/jFlfL7jWoI=
github.com/src-d/go-git v4.7.0+incompatible/go.mod h1:1bQciz+hn0jzPQNsYj0hDFZHLJBdV7gXE2mWhC7EkFk=
github.com/stretchr/objx v0.1.1 h1:2vfRuCMp5sSVIDSqO8oNnWJq7mPa6KVP3iPIwFBuy8A=
github.com/stretchr/objx v0.1.1/go.mod h1:HFkY916IF+rwdDfMAkV7OtwuqBVzrE8GR6GFx+wExME=
github.com/stretchr/testify v1.2.2 h1:bSDNvY7ZPG5RlJ8otE/7V6gMiyenm9RtJ7IUVIAoJ1w=
github.com/stretchr/testify v1.2.2/go.mod h1:a8OnRcib4nhh0OaRAV+Yts87kKdq0PP7pXfy6kDkUVs=
github.com/stripe/stripe-go v46.0.0+incompatible h1:FeS6R4IM5UKP8AinLCsw4on0PDlIKekx3/0vNjskiII=
github.com/stripe/stripe-go v46.0.0+incompatible/go.mod h1:A1dQZmO/QypXmsL0T8axYZkSN/uA/T/A64pfKdBAMiY=
github.com/tdewolff/minify v2.3.6+incompatible h1:2hw5/9ZvxhWLvBUnHE06gElGYz+Jv9R4Eys0XUzItYo=
github.com/tdewolff/minify v2.3.6+incompatible/go.mod h1:9Ov578KJUmAWpS6NeZwRZyT56Uf6o3Mcz9CEsg8USYs=
github.com/tdewolff/parse v2.3.3+incompatible h1:q6OSjvHtvBucLb34z24OH1xl5wGdw1mI9Vd38Qj9evs=
github.com/tdewolff/parse v2.3.3+incompatible/go.mod h1:8oBwCsVmUkgHO8M5iCzSIDtpzXOT0WXX9cWhz+bIzJQ=
github.com/ua-parser/uap-go v0.0.0-20181003033359-705feb871b1a h1:78+Mfh14ZhpaJfFK5xuG202afafyE5/PRx+9Lq/bdaQ=
github.com/ugorji/go/codec v0.0.0-20181022190402-e5e69e061d4f h1:y3Vj7GoDdcBkxFa2RUUFKM25TrBbWVDnjRDI0u975zQ=
github.com/ugorji/go/codec v0.0.0-20181022190402-e5e69e061d4f/go.mod h1:VFNgLljTbGfSG7qAOspJ7OScBnGdDN/yBr0sguwnwf0=
github.com/xanzy/ssh-agent v0.2.0 h1:Adglfbi5p9Z0BmK2oKU9nTG+zKfniSfnaMYB+ULd+Ro=
github.com/xanzy/ssh-agent v0.2.0/go.mod h1:0NyE30eGUDliuLEHJgYte/zncp2zdTStcOnWhgSqHD8=
github.com/xtgo/uuid v0.0.0-20140804021211-a0b114877d4c h1:3lbZUMbMiGUW/LMkfsEABsc5zNT9+b1CvsJx47JzJ8g=
github.com/xtgo/uuid v0.0.0-20140804021211-a0b114877d4c/go.mod h1:UrdRz5enIKZ63MEE3IF9l2/ebyx59GyGgPi+tICQdmM=
go.opencensus.io v0.15.0/go.mod h1:UffZAU+4sDEINUGP/B7UfBBkq4fqLu9zXAX7ke6CHW0=
go.opencensus.io v0.18.0 h1:Mk5rgZcggtbvtAun5aJzAtjKKN/t0R3jJPlWILlv938=
go.opencensus.io v0.18.0/go.mod h1:vKdFvxhtzZ9onBp9VKHK8z/sRpBMnKAsufL7wlDrCOA=
golang.org/x/crypto v0.0.0-20180904163835-0709b304e793 h1:u+LnwYTOOW7Ukr/fppxEb1Nwz0AtPflrblfvUudpo+I=
golang.org/x/crypto v0.0.0-20180904163835-0709b304e793/go.mod h1:6SG95UA2DQfeDnfUPMdvaQW0Q7yPrPDi9nlGo2tz2b4=
golang.org/x/crypto v0.0.0-20181106171534-e4dc69e5b2fd h1:VtIkGDhk0ph3t+THbvXHfMZ8QHgsBO39Nh52+74pq7w=
golang.org/x/crypto v0.0.0-20181106171534-e4dc69e5b2fd/go.mod h1:6SG95UA2DQfeDnfUPMdvaQW0Q7yPrPDi9nlGo2tz2b4=
golang.org/x/net v0.0.0-20180218175443-cbe0f9307d01/go.mod h1:mL1N/T3taQHkDXs73rZJwtUhF3w3ftmwwsq0BUmARs4=
golang.org/x/net v0.0.0-20180530234432-1e491301e022/go.mod h1:mL1N/T3taQHkDXs73rZJwtUhF3w3ftmwwsq0BUmARs4=
golang.org/x/net v0.0.0-20180906233101-161cd47e91fd h1:nTDtHvHSdCn1m6ITfMRqtOd/9+7a3s8RBNOZ3eYZzJA=
golang.org/x/net v0.0.0-20180906233101-161cd47e91fd/go.mod h1:mL1N/T3taQHkDXs73rZJwtUhF3w3ftmwwsq0BUmARs4=
golang.org/x/net v0.0.0-20181107093936-a544f70c90f1 h1:SwqD3GJ9PsSBBVv1HlDeSwjjPSeZjUZQcAgGnwsWpyc=
golang.org/x/net v0.0.0-20181107093936-a544f70c90f1/go.mod h1:mL1N/T3taQHkDXs73rZJwtUhF3w3ftmwwsq0BUmARs4=
golang.org/x/net v0.0.0-20181108082009-03003ca0c849 h1:FSqE2GGG7wzsYUsWiQ8MZrvEd1EOyU3NCF0AW3Wtltg=
golang.org/x/net v0.0.0-20181108082009-03003ca0c849/go.mod h1:mL1N/T3taQHkDXs73rZJwtUhF3w3ftmwwsq0BUmARs4=
golang.org/x/oauth2 v0.0.0-20180603041954-1e0a3fa8ba9a/go.mod h1:N/0e6XlmueqKjAGxoOufVs8QHGRruUQn6yWY3a++T0U=
golang.org/x/oauth2 v0.0.0-20181106182150-f42d05182288 h1:JIqe8uIcRBHXDQVvZtHwp80ai3Lw3IJAeJEs55Dc1W0=
golang.org/x/oauth2 v0.0.0-20181106182150-f42d05182288/go.mod h1:N/0e6XlmueqKjAGxoOufVs8QHGRruUQn6yWY3a++T0U=
golang.org/x/sync v0.0.0-20180314180146-1d60e4601c6f h1:wMNYb4v58l5UBM7MYRLPG6ZhfOqbKu7X5eyFl8ZhKvA=
golang.org/x/sync v0.0.0-20180314180146-1d60e4601c6f/go.mod h1:RxMgew5VJxzue5/jJTE5uejpjVlOe/izrB70Jof72aM=
golang.org/x/sys v0.0.0-20180903190138-2b024373dcd9/go.mod h1:STP8DvDyc/dI5b8T5hshtkjS+E42TnysNCUPdjciGhY=
golang.org/x/sys v0.0.0-20180905080454-ebe1bf3edb33 h1:I6FyU15t786LL7oL/hn43zqTuEGr4PN7F4XJ1p4E3Y8=
golang.org/x/sys v0.0.0-20180905080454-ebe1bf3edb33/go.mod h1:STP8DvDyc/dI5b8T5hshtkjS+E42TnysNCUPdjciGhY=
golang.org/x/sys v0.0.0-20180909124046-d0be0721c37e/go.mod h1:STP8DvDyc/dI5b8T5hshtkjS+E42TnysNCUPdjciGhY=
golang.org/x/text v0.3.0 h1:g61tztE5qeGQ89tm6NTjjM9VPIm088od1l6aSorWRWg=
golang.org/x/text v0.3.0/go.mod h1:NqM8EUOU14njkJ3fqMW+pc6Ldnwhi/IjpwHt7yyuwOQ=
google.golang.org/api v0.0.0-20180603000442-8e296ef26005/go.mod h1:4mhQ8q/RsB7i+udVvVy5NUi08OU8ZlA0gRVgrF7VFY0=
google.golang.org/api v0.0.0-20180910000450-7ca32eb868bf h1:rjxqQmxjyqerRKEj+tZW+MCm4LgpFXu18bsEoCMgDsk=
google.golang.org/api v0.0.0-20180910000450-7ca32eb868bf/go.mod h1:4mhQ8q/RsB7i+udVvVy5NUi08OU8ZlA0gRVgrF7VFY0=
google.golang.org/appengine v1.0.0/go.mod h1:EbEs0AVv82hx2wNQdGPgUI5lhzA/G0D9YwlJXL52JkM=
google.golang.org/genproto v0.0.0-20180601223552-81158efcc9f2/go.mod h1:JiN7NxoALGmiZfu7CAH4rXhgtRTLTxftemlI0sWmxmc=
google.golang.org/genproto v0.0.0-20180831171423-11092d34479b h1:lohp5blsw53GBXtLyLNaTXPXS9pJ1tiTw61ZHUoE9Qw=
google.golang.org/genproto v0.0.0-20180831171423-11092d34479b/go.mod h1:JiN7NxoALGmiZfu7CAH4rXhgtRTLTxftemlI0sWmxmc=
google.golang.org/grpc v1.12.0/go.mod h1:yo6s7OP7yaDglbqo1J04qKzAhqBH6lvTonzMVmEdcZw=
google.golang.org/grpc v1.14.0 h1:ArxJuB1NWfPY6r9Gp9gqwplT0Ge7nqv9msgu03lHLmo=
google.golang.org/grpc v1.14.0/go.mod h1:yo6s7OP7yaDglbqo1J04qKzAhqBH6lvTonzMVmEdcZw=
gopkg.in/alexcesaro/statsd.v2 v2.0.0 h1:FXkZSCZIH17vLCO5sO2UucTHsH9pc+17F6pl3JVCwMc=
gopkg.in/alexcesaro/statsd.v2 v2.0.0/go.mod h1:i0ubccKGzBVNBpdGV5MocxyA/XlLUJzA7SLonnE4drU=
gopkg.in/check.v1 v0.0.0-20161208181325-20d25e280405/go.mod h1:Co6ibVJAznAaIkqp8huTwlJQCZ016jof/cbN4VW5Yz0=
gopkg.in/check.v1 v1.0.0-20180628173108-788fd7840127/go.mod h1:Co6ibVJAznAaIkqp8huTwlJQCZ016jof/cbN4VW5Yz0=
gopkg.in/ghodss/yaml.v1 v1.0.0 h1:JlY4R6oVz+ZSvcDhVfNQ/k/8Xo6yb2s1PBhslPZPX4c=
gopkg.in/ghodss/yaml.v1 v1.0.0/go.mod h1:HDvRMPQLqycKPs9nWLuzZWxsxRzISLCRORiDpBUOMqg=
gopkg.in/gomail.v2 v2.0.0-20160411212932-81ebce5c23df h1:n7WqCuqOuCbNr617RXOY0AWRXxgwEyPp2z+p0+hgMuE=
gopkg.in/gomail.v2 v2.0.0-20160411212932-81ebce5c23df/go.mod h1:LRQQ+SO6ZHR7tOkpBDuZnXENFzX8qRjMDMyPD6BRkCw=
gopkg.in/jarcoal/httpmock.v1 v1.0.0-20181025172632-c463961d8bfe h1:zTzLXfiqVyGIbO/dZa2yV/3JfsQ8+ZmvWBLP+ymbhjs=
gopkg.in/jarcoal/httpmock.v1 v1.0.0-20181025172632-c463961d8bfe/go.mod h1:d3R+NllX3X5e0zlG1Rful3uLvsGC/Q3OHut5464DEQw=
gopkg.in/kennygrant/sanitize.v1 v1.2.4 h1:Dz998h3LwD2QqymFVXjIAWyrwznSbzto3IpcLSv86f8=
gopkg.in/launchdarkly/go-client.v4 v4.0.0-20181030215621-c4a865740717 h1:P5DuXR3vkf7rIrqW6IuDmXZpnv4NaLAwW+F9r+VBSfw=
gopkg.in/launchdarkly/go-client.v4 v4.0.0-20181030215621-c4a865740717/go.mod h1:fiSRVbGWku1lgj8903oid21aweCLTv8x1XpBpMLrULI=
gopkg.in/mgo.v2 v2.0.0-20180705113604-9856a29383ce h1:xcEWjVhvbDy+nHP67nPDDpbYrY+ILlfndk4bRioVHaU=
gopkg.in/mgo.v2 v2.0.0-20180705113604-9856a29383ce/go.mod h1:yeKp02qBN3iKW1OzL3MGk2IdtZzaj7SFntXj72NppTA=
gopkg.in/segmentio/analytics-go.v3 v3.0.1 h1:lPX/m/RnUFwu33p/1vRx4O3aexmrS6vB8OkIiXnPgAw=
gopkg.in/segmentio/analytics-go.v3 v3.0.1/go.mod h1:4QqqlTlSSpVlWA9/9nDcPw+FkM2yv1NQoYjUbL9/JAw=
gopkg.in/src-d/go-billy.v4 v4.2.1/go.mod h1:tm33zBoOwxjYHZIE+OV8bxTWFMJLrconzFMd38aARFk=
gopkg.in/src-d/go-billy.v4 v4.3.0 h1:KtlZ4c1OWbIs4jCv5ZXrTqG8EQocr0g/d4DjNg70aek=
gopkg.in/src-d/go-billy.v4 v4.3.0/go.mod h1:tm33zBoOwxjYHZIE+OV8bxTWFMJLrconzFMd38aARFk=
gopkg.in/src-d/go-git-fixtures.v3 v3.1.1/go.mod h1:dLBcvytrw/TYZsNTWCnkNF2DSIlzWYqTe3rJR56Ac7g=
gopkg.in/src-d/go-git.v4 v4.7.1 h1:phAV/kNULxfYEvyInGdPuq3U2MtPpJdgmtOUF3cghkQ=
gopkg.in/src-d/go-git.v4 v4.7.1/go.mod h1:xrJH/YX8uSWewT6evfocf8qsivF18JgCN7/IMitOptY=
gopkg.in/throttled/throttled.v2 v2.2.2 h1:HQs6jgFwzlO9bduyoILuZ/+HutLR0yRQ/vEoUlGHz5E=
gopkg.in/throttled/throttled.v2 v2.2.2/go.mod h1:L4cTNZO77XKEXtn8HNFRCMNGZPtRRKAhyuJBSvK/T90=
gopkg.in/warnings.v0 v0.1.2 h1:wFXVbFY8DY5/xOe1ECiWdKCzZlxgshcYVNkBHstARME=
gopkg.in/warnings.v0 v0.1.2/go.mod h1:jksf8JmL6Qr/oQM2OXTHunEvvTAsrWBLb6OOjuVWRNI=
gopkg.in/yaml.v2 v2.2.1 h1:mUhvW9EsL+naU5Q3cakzfE91YhliOondGd6ZrsDBHQE=
gopkg.in/yaml.v2 v2.2.1/go.mod h1:hI93XBmqTisBFMUTm0b8Fm+jr3Dg1NNxqwp+5A1VGuI=
